{
  "name": "simplesite",
  "version": "0.0.1",
  "lockfileVersion": 1,
  "requires": true,
  "dependencies": {
    "amdefine": {
      "version": "1.0.1",
      "resolved": "https://registry.npmjs.org/amdefine/-/amdefine-1.0.1.tgz",
      "integrity": "sha1-SlKCrBZHKek2Gbz9OtFR+BfOkfU="
    },
    "argparse": {
      "version": "0.1.15",
      "resolved": "https://registry.npmjs.org/argparse/-/argparse-0.1.15.tgz",
      "integrity": "sha1-KKH3LEMRPnYyIOVwhBQwHIhA8KE=",
      "requires": {
        "underscore": "1.4.4",
        "underscore.string": "2.3.3"
      },
      "dependencies": {
        "underscore": {
          "version": "1.4.4",
          "resolved": "https://registry.npmjs.org/underscore/-/underscore-1.4.4.tgz",
          "integrity": "sha1-YaajIBBiKvoHljvzJSA88SI51gQ="
        }
      }
    },
    "asn1": {
      "version": "0.1.11",
      "resolved": "https://registry.npmjs.org/asn1/-/asn1-0.1.11.tgz",
      "integrity": "sha1-VZvhg3bQik7E2+gId9J4GGObLfc="
    },
    "async": {
      "version": "0.2.10",
      "resolved": "https://registry.npmjs.org/async/-/async-0.2.10.tgz",
      "integrity": "sha1-trvgsGdLnXGXCMo43owjfLUmw9E="
    },
    "balanced-match": {
      "version": "1.0.0",
      "resolved": "https://registry.npmjs.org/balanced-match/-/balanced-match-1.0.0.tgz",
      "integrity": "sha1-ibTRmasr7kneFk6gK4nORi1xt2c="
    },
    "basic-auth-connect": {
      "version": "1.0.0",
      "resolved": "https://registry.npmjs.org/basic-auth-connect/-/basic-auth-connect-1.0.0.tgz",
      "integrity": "sha1-/bC0OWLKe0BFanwrtI/hc9otISI="
    },
    "batch": {
      "version": "0.5.0",
      "resolved": "https://registry.npmjs.org/batch/-/batch-0.5.0.tgz",
      "integrity": "sha1-/S4Fp6XWlrTbkxQBPihdj/NVfsM="
    },
    "body-parser": {
      "version": "1.2.0",
      "resolved": "https://registry.npmjs.org/body-parser/-/body-parser-1.2.0.tgz",
      "integrity": "sha1-9iR8yI1MZzwwqSbXT+NsF3uYRuA=",
      "requires": {
        "bytes": "1.0.0",
        "qs": "0.6.6",
        "raw-body": "1.1.4",
        "type-is": "1.2.0"
      }
    },
    "brace-expansion": {
      "version": "1.1.11",
      "resolved": "https://registry.npmjs.org/brace-expansion/-/brace-expansion-1.1.11.tgz",
      "integrity": "sha512-iCuPHDFgrHX7H2vEI/5xpz07zSHB00TpugqhmYtVmMO6518mCuRMoOYFldEBl0g187ufozdaHgWKcYFb61qGiA==",
      "requires": {
        "balanced-match": "1.0.0",
        "concat-map": "0.0.1"
      }
    },
    "buffer-crc32": {
      "version": "0.2.1",
      "resolved": "https://registry.npmjs.org/buffer-crc32/-/buffer-crc32-0.2.1.tgz",
      "integrity": "sha1-vj5TgvwCttYySVasGvmKqYsIU0w="
    },
    "bytes": {
      "version": "1.0.0",
      "resolved": "https://registry.npmjs.org/bytes/-/bytes-1.0.0.tgz",
      "integrity": "sha1-NWnt6Lo0MV+rmcPpLLBMciDeH6g="
    },
    "character-parser": {
      "version": "1.2.0",
      "resolved": "https://registry.npmjs.org/character-parser/-/character-parser-1.2.0.tgz",
      "integrity": "sha1-lBNNbl2HCjm+NZ99IkYJNRhN3vY="
    },
    "coffee-script": {
      "version": "1.7.1",
      "resolved": "https://registry.npmjs.org/coffee-script/-/coffee-script-1.7.1.tgz",
      "integrity": "sha1-YplqhheAx15tUGnROCJyO3NAS/w=",
      "requires": {
        "mkdirp": "0.3.5"
      }
    },
    "colors": {
      "version": "0.6.2",
      "resolved": "https://registry.npmjs.org/colors/-/colors-0.6.2.tgz",
      "integrity": "sha1-JCP+ZnisDF2uiFLl0OW+CMmXq8w="
    },
    "commander": {
      "version": "1.3.2",
      "resolved": "https://registry.npmjs.org/commander/-/commander-1.3.2.tgz",
      "integrity": "sha1-io8w7GcKb91kr1LxkUuQfXnq1bU=",
      "requires": {
        "keypress": "0.1.0"
      }
    },
    "compressible": {
      "version": "1.0.1",
      "resolved": "https://registry.npmjs.org/compressible/-/compressible-1.0.1.tgz",
      "integrity": "sha1-jtgiSCLGDDyNq8rTTpE+0pUq0XA="
    },
    "compression": {
      "version": "1.0.2",
      "resolved": "http://registry.npmjs.org/compression/-/compression-1.0.2.tgz",
      "integrity": "sha1-kOogAz7miUc2eLLuMiJhg9cDCJM=",
      "requires": {
        "bytes": "0.3.0",
        "compressible": "1.0.1",
        "negotiator": "0.4.3"
      },
      "dependencies": {
        "bytes": {
          "version": "0.3.0",
          "resolved": "https://registry.npmjs.org/bytes/-/bytes-0.3.0.tgz",
          "integrity": "sha1-eOLg4ox/nHuYjqiu4NtNX6mUGTU="
        }
      }
    },
    "concat-map": {
      "version": "0.0.1",
      "resolved": "https://registry.npmjs.org/concat-map/-/concat-map-0.0.1.tgz",
      "integrity": "sha1-2Klr13/Wjfd5OnMDajug1UBdR3s="
    },
    "connect": {
      "version": "2.16.2",
      "resolved": "https://registry.npmjs.org/connect/-/connect-2.16.2.tgz",
      "integrity": "sha1-+JwndrBdIkWSS6U0Wz/hB8rV4Xo=",
      "requires": {
        "basic-auth-connect": "1.0.0",
        "body-parser": "1.2.0",
        "bytes": "1.0.0",
        "compression": "1.0.2",
        "connect-timeout": "1.1.0",
        "cookie": "0.1.2",
        "cookie-parser": "1.1.0",
        "cookie-signature": "1.0.3",
        "csurf": "1.2.0",
        "debug": "0.8.1",
        "errorhandler": "1.0.1",
        "express-session": "1.1.0",
        "fresh": "0.2.2",
        "method-override": "1.0.1",
        "morgan": "1.0.1",
        "multiparty": "2.2.0",
        "on-headers": "0.0.0",
        "parseurl": "1.0.1",
        "pause": "0.0.1",
        "qs": "0.6.6",
        "response-time": "1.0.0",
        "serve-favicon": "2.0.0",
        "serve-index": "1.0.2",
        "serve-static": "1.1.0",
        "type-is": "1.2.0",
        "vhost": "1.0.0"
      }
    },
    "connect-assets": {
      "version": "3.0.2",
      "resolved": "https://registry.npmjs.org/connect-assets/-/connect-assets-3.0.2.tgz",
      "integrity": "sha1-l+ja5PJKVlq7hRtQZnuea5b3fVw=",
      "requires": {
        "argparse": "0.1.15",
        "csso": "1.3.1",
        "mincer": "0.5.10",
        "uglify-js": "2.4.13"
      }
    },
    "connect-timeout": {
      "version": "1.1.0",
      "resolved": "https://registry.npmjs.org/connect-timeout/-/connect-timeout-1.1.0.tgz",
      "integrity": "sha1-/IBhX8els4Y70DGa8kkdLX/cXwU=",
      "requires": {
        "debug": "0.8.1"
      }
    },
    "constantinople": {
      "version": "2.0.1",
      "resolved": "https://registry.npmjs.org/constantinople/-/constantinople-2.0.1.tgz",
      "integrity": "sha1-WCn4VvMBqb2xB9k1932OuMzsTHk=",
      "requires": {
        "uglify-js": "2.4.13"
      }
    },
    "cookie": {
      "version": "0.1.2",
      "resolved": "https://registry.npmjs.org/cookie/-/cookie-0.1.2.tgz",
      "integrity": "sha1-cv7D0k5Io0Mgc9kMEmQgBQYQBLE="
    },
    "cookie-parser": {
      "version": "1.1.0",
      "resolved": "https://registry.npmjs.org/cookie-parser/-/cookie-parser-1.1.0.tgz",
      "integrity": "sha1-L4JlqjtVczqF7vIH8OJTDD6M9wU=",
      "requires": {
        "cookie": "0.1.2",
        "cookie-signature": "1.0.3"
      }
    },
    "cookie-signature": {
      "version": "1.0.3",
      "resolved": "https://registry.npmjs.org/cookie-signature/-/cookie-signature-1.0.3.tgz",
      "integrity": "sha1-kc2ZfMUftkFZVzjGnNoCAyj1D/k="
    },
    "core-util-is": {
      "version": "1.0.2",
      "resolved": "https://registry.npmjs.org/core-util-is/-/core-util-is-1.0.2.tgz",
      "integrity": "sha1-tf1UIgqivFq1eqtxQMlAdUUDwac="
    },
    "css": {
      "version": "1.0.8",
      "resolved": "https://registry.npmjs.org/css/-/css-1.0.8.tgz",
      "integrity": "sha1-k4aBHKgrzMnuf7WnMrHioxfIo+c=",
      "requires": {
        "css-parse": "1.0.4",
        "css-stringify": "1.0.5"
      }
    },
    "css-parse": {
      "version": "1.0.4",
      "resolved": "https://registry.npmjs.org/css-parse/-/css-parse-1.0.4.tgz",
      "integrity": "sha1-OLBQP7+dqfVOnB29pg4UXHcRe90="
    },
    "css-stringify": {
      "version": "1.0.5",
      "resolved": "https://registry.npmjs.org/css-stringify/-/css-stringify-1.0.5.tgz",
      "integrity": "sha1-sNBClG2ylTu50pKQCmy19tASIDE="
    },
    "csso": {
      "version": "1.3.1",
      "resolved": "https://registry.npmjs.org/csso/-/csso-1.3.1.tgz",
      "integrity": "sha1-CFQe6V6CM6Z4CMjvVGxXLceaP/E="
    },
    "cssom": {
      "version": "0.2.5",
      "resolved": "https://registry.npmjs.org/cssom/-/cssom-0.2.5.tgz",
      "integrity": "sha1-JoJwm1kC5yEt9SkRb/eIzVslSJQ="
    },
    "csurf": {
      "version": "1.2.0",
      "resolved": "https://registry.npmjs.org/csurf/-/csurf-1.2.0.tgz",
      "integrity": "sha1-VtHR6SGkAn5q34f1HnBrglx0qxM=",
      "requires": {
        "scmp": "0.0.3",
        "uid2": "0.0.3"
      }
    },
    "cycle": {
      "version": "1.0.3",
      "resolved": "https://registry.npmjs.org/cycle/-/cycle-1.0.3.tgz",
      "integrity": "sha1-IegLK+hYD5i0aPN5QwZisEbDStI="
    },
    "debug": {
      "version": "0.8.1",
      "resolved": "https://registry.npmjs.org/debug/-/debug-0.8.1.tgz",
      "integrity": "sha1-IP9NJvXkIstoobrLu2EDmtjBwTA="
    },
    "deep-equal": {
      "version": "1.0.1",
      "resolved": "https://registry.npmjs.org/deep-equal/-/deep-equal-1.0.1.tgz",
      "integrity": "sha1-9dJgKStmDghO/0zbyfCK0yR0SLU="
    },
    "errorhandler": {
      "version": "1.0.1",
      "resolved": "https://registry.npmjs.org/errorhandler/-/errorhandler-1.0.1.tgz",
      "integrity": "sha1-ta391wNr8s1+uvrXovsttmUtp6c="
    },
    "express": {
      "version": "3.7.0",
      "resolved": "https://registry.npmjs.org/express/-/express-3.7.0.tgz",
      "integrity": "sha1-dPYvAKstfUnxmptsgfuAsA5JWGg=",
      "requires": {
        "buffer-crc32": "0.2.1",
        "commander": "1.3.2",
        "connect": "2.16.2",
        "cookie": "0.1.2",
        "cookie-signature": "1.0.3",
        "debug": "0.8.1",
        "fresh": "0.2.2",
        "merge-descriptors": "0.0.2",
        "methods": "1.0.0",
        "mkdirp": "0.5.0",
        "parseurl": "1.0.1",
        "proxy-addr": "1.0.0",
        "range-parser": "1.0.0",
        "send": "0.3.0"
      },
      "dependencies": {
        "mkdirp": {
          "version": "0.5.0",
          "resolved": "https://registry.npmjs.org/mkdirp/-/mkdirp-0.5.0.tgz",
          "integrity": "sha1-HXMHam35hs2TROFecfzAWkyavxI=",
          "requires": {
            "minimist": "0.0.8"
          }
        }
      }
    },
    "express-load": {
      "version": "1.1.16",
      "resolved": "https://registry.npmjs.org/express-load/-/express-load-1.1.16.tgz",
      "integrity": "sha512-R+HNkLZMbUCJQ42VPx4sGbs/a0Xv//XUNRft2WqgBz7+6qL8QyTsqBdwPh3h33lxFFrwHKfF4Wn65sDg8POiHA==",
      "requires": {
        "async": "0.2.9"
      },
      "dependencies": {
        "async": {
          "version": "0.2.9",
          "resolved": "https://registry.npmjs.org/async/-/async-0.2.9.tgz",
          "integrity": "sha1-32MGD789Myhqdqr21Vophtn/hhk="
        }
      }
    },
    "express-resource": {
      "version": "0.2.4",
      "resolved": "https://registry.npmjs.org/express-resource/-/express-resource-0.2.4.tgz",
      "integrity": "sha1-tr5pTLpClwj0kSHDuZ6OTkp+HZw=",
      "requires": {
        "lingo": "0.0.5"
      }
    },
    "express-session": {
      "version": "1.1.0",
      "resolved": "https://registry.npmjs.org/express-session/-/express-session-1.1.0.tgz",
      "integrity": "sha1-jAEL9YEJ6iNaZVZtKpZwO0Hubq4=",
      "requires": {
        "buffer-crc32": "0.2.1",
        "cookie": "0.1.2",
        "cookie-signature": "1.0.3",
        "debug": "0.8.1",
        "uid2": "0.0.3",
        "utils-merge": "1.0.0"
      }
    },
    "eyes": {
      "version": "0.1.8",
      "resolved": "https://registry.npmjs.org/eyes/-/eyes-0.1.8.tgz",
      "integrity": "sha1-Ys8SAjTGg3hdkCNIqADvPgzCC8A="
    },
    "fibers": {
      "version": "1.0.15",
      "resolved": "https://registry.npmjs.org/fibers/-/fibers-1.0.15.tgz",
      "integrity": "sha1-IvA5yPGLhWGQ+75N7PBWFUwerpw="
    },
    "flightplan": {
      "version": "0.2.0",
      "resolved": "https://registry.npmjs.org/flightplan/-/flightplan-0.2.0.tgz",
      "integrity": "sha1-Eps4tuyToF8O0fbT/jMNdt32WKY=",
      "requires": {
        "colors": "0.6.2",
        "commander": "2.1.0",
        "fibers": "1.0.15",
        "pretty-hrtime": "0.2.2",
        "prompt": "0.2.14",
        "ssh2": "0.2.25"
      },
      "dependencies": {
        "commander": {
          "version": "2.1.0",
          "resolved": "https://registry.npmjs.org/commander/-/commander-2.1.0.tgz",
          "integrity": "sha1-0SG7roYNmZKj1Re6lvVliOR8Z4E="
        }
      }
    },
    "fresh": {
      "version": "0.2.2",
      "resolved": "https://registry.npmjs.org/fresh/-/fresh-0.2.2.tgz",
      "integrity": "sha1-lzHc9WeMf660T7kDxPct9VGH+nc="
    },
    "fs-tools": {
      "version": "0.2.11",
      "resolved": "https://registry.npmjs.org/fs-tools/-/fs-tools-0.2.11.tgz",
      "integrity": "sha1-ZKYzkRn42mh75NH9vaN+4PiOZEw=",
      "requires": {
        "async": "0.2.10",
        "lodash": "2.4.2"
      },
      "dependencies": {
        "lodash": {
          "version": "2.4.2",
          "resolved": "https://registry.npmjs.org/lodash/-/lodash-2.4.2.tgz",
          "integrity": "sha1-+t2DS5aDBz2hebPq5tnA0VBT9z4="
        }
      }
    },
    "fs.realpath": {
      "version": "1.0.0",
      "resolved": "https://registry.npmjs.org/fs.realpath/-/fs.realpath-1.0.0.tgz",
      "integrity": "sha1-FQStJSMVjKpA20onh8sBQRmU6k8="
    },
    "glob": {
      "version": "7.1.2",
      "resolved": "https://registry.npmjs.org/glob/-/glob-7.1.2.tgz",
      "integrity": "sha512-MJTUg1kjuLeQCJ+ccE4Vpa6kKVXkPYJ2mOCQyUuKLcLQsdrMCpBPUi8qVE6+YuaJkozeA9NusTAw3hLr8Xe5EQ==",
      "requires": {
        "fs.realpath": "1.0.0",
        "inflight": "1.0.6",
        "inherits": "2.0.3",
        "minimatch": "3.0.4",
        "once": "1.4.0",
        "path-is-absolute": "1.0.1"
      }
    },
    "hike": {
      "version": "0.1.4",
      "resolved": "https://registry.npmjs.org/hike/-/hike-0.1.4.tgz",
      "integrity": "sha1-06/Q4JIHnHsLLjw38uLJTqLGb14=",
      "requires": {
        "lodash": "2.4.2"
      },
      "dependencies": {
        "lodash": {
          "version": "2.4.2",
          "resolved": "https://registry.npmjs.org/lodash/-/lodash-2.4.2.tgz",
          "integrity": "sha1-+t2DS5aDBz2hebPq5tnA0VBT9z4="
        }
      }
    },
    "i": {
      "version": "0.3.6",
      "resolved": "https://registry.npmjs.org/i/-/i-0.3.6.tgz",
      "integrity": "sha1-2WyScyB28HJxG2sQ/X1PZa2O4j0="
    },
    "inflight": {
      "version": "1.0.6",
      "resolved": "https://registry.npmjs.org/inflight/-/inflight-1.0.6.tgz",
      "integrity": "sha1-Sb1jMdfQLQwJvJEKEHW6gWW1bfk=",
      "requires": {
        "once": "1.4.0",
        "wrappy": "1.0.2"
      }
    },
    "inherits": {
      "version": "2.0.3",
      "resolved": "https://registry.npmjs.org/inherits/-/inherits-2.0.3.tgz",
      "integrity": "sha1-Yzwsg+PaQqUC9SRmAiSA9CCCYd4="
    },
    "ini": {
      "version": "1.3.5",
      "resolved": "https://registry.npmjs.org/ini/-/ini-1.3.5.tgz",
      "integrity": "sha512-RZY5huIKCMRWDUqZlEi72f/lmXKMvuszcMBduliQ3nnWbx9X/ZBQO7DijMEYS9EhHBb2qacRUMtC7svLwe0lcw=="
    },
    "ipaddr.js": {
      "version": "0.1.2",
      "resolved": "https://registry.npmjs.org/ipaddr.js/-/ipaddr.js-0.1.2.tgz",
      "integrity": "sha1-ah/T2FT1ACllw017vNm0qNSwRn4="
    },
    "is-promise": {
      "version": "1.0.1",
      "resolved": "https://registry.npmjs.org/is-promise/-/is-promise-1.0.1.tgz",
      "integrity": "sha1-MVc3YcBX4zwukaq56W2gjO++duU="
    },
    "isarray": {
      "version": "0.0.1",
      "resolved": "https://registry.npmjs.org/isarray/-/isarray-0.0.1.tgz",
      "integrity": "sha1-ihis/Kmo9Bd+Cav8YDiTmwXR7t8="
    },
    "isstream": {
      "version": "0.1.2",
      "resolved": "https://registry.npmjs.org/isstream/-/isstream-0.1.2.tgz",
      "integrity": "sha1-R+Y/evVa+m+S4VAOaQ64uFKcCZo="
    },
    "jade": {
      "version": "1.3.1",
      "resolved": "https://registry.npmjs.org/jade/-/jade-1.3.1.tgz",
      "integrity": "sha1-dIPYSLhxTcUKQNqYsECXkLN0IWs=",
      "requires": {
        "character-parser": "1.2.0",
        "commander": "2.1.0",
        "constantinople": "2.0.1",
        "mkdirp": "0.3.5",
        "monocle": "1.1.51",
        "transformers": "2.1.0",
        "with": "3.0.1"
      },
      "dependencies": {
        "commander": {
          "version": "2.1.0",
          "resolved": "https://registry.npmjs.org/commander/-/commander-2.1.0.tgz",
          "integrity": "sha1-0SG7roYNmZKj1Re6lvVliOR8Z4E="
        }
      }
    },
    "keypress": {
      "version": "0.1.0",
      "resolved": "https://registry.npmjs.org/keypress/-/keypress-0.1.0.tgz",
      "integrity": "sha1-SjGI1CkbZrT2XtuZ+AaqmuKTWSo="
    },
    "lingo": {
      "version": "0.0.5",
      "resolved": "https://registry.npmjs.org/lingo/-/lingo-0.0.5.tgz",
      "integrity": "sha1-ybENi6OImZTqlEc9FpXhg0IQFqM="
    },
    "lodash": {
      "version": "1.3.1",
      "resolved": "https://registry.npmjs.org/lodash/-/lodash-1.3.1.tgz",
      "integrity": "sha1-pGY7U2hriV/wdOK6UE37dqjit3A="
    },
    "marked": {
      "version": "0.3.18",
      "resolved": "https://registry.npmjs.org/marked/-/marked-0.3.18.tgz",
      "integrity": "sha512-49i2QYhfULqaXzNZpxC808PisuCTGT2fgG0zrzdCI9N3rIfAWfW0nggvbXr6zvpynZdOG5+9xNxdzP0kwZnERw=="
    },
    "merge-descriptors": {
      "version": "0.0.2",
      "resolved": "https://registry.npmjs.org/merge-descriptors/-/merge-descriptors-0.0.2.tgz",
      "integrity": "sha1-w2pSp4FDdRPFcnXzndnTF1FKyMc="
    },
    "method-override": {
      "version": "1.0.1",
      "resolved": "https://registry.npmjs.org/method-override/-/method-override-1.0.1.tgz",
      "integrity": "sha1-ABlzeR8Bzaci8KQaRH195nR5XZE=",
      "requires": {
        "methods": "1.0.0"
      }
    },
    "methods": {
      "version": "1.0.0",
      "resolved": "https://registry.npmjs.org/methods/-/methods-1.0.0.tgz",
      "integrity": "sha1-mnPYY3XfzvJu9hyj5Lii4lOKgOM="
    },
    "mime": {
      "version": "1.2.11",
      "resolved": "https://registry.npmjs.org/mime/-/mime-1.2.11.tgz",
      "integrity": "sha1-WCA+7Ybjpe8XrtK32evUfwpg3RA="
    },
    "mimoza": {
      "version": "0.1.1",
      "resolved": "https://registry.npmjs.org/mimoza/-/mimoza-0.1.1.tgz",
      "integrity": "sha1-6cZuKhW71B9ez5wWfmIiSB7LRy4="
    },
    "mincer": {
      "version": "0.5.10",
      "resolved": "https://registry.npmjs.org/mincer/-/mincer-0.5.10.tgz",
      "integrity": "sha1-Wyy4FTzRldOF0/A2UltbBifybuI=",
      "requires": {
        "argparse": "0.1.15",
        "async": "0.2.10",
        "fs-tools": "0.2.11",
        "hike": "0.1.4",
        "lodash": "1.3.1",
        "mimoza": "0.1.1",
        "shellwords": "0.1.1"
      }
    },
    "minimatch": {
      "version": "3.0.4",
      "resolved": "https://registry.npmjs.org/minimatch/-/minimatch-3.0.4.tgz",
      "integrity": "sha512-yJHVQEhyqPLUTgt9B83PXu6W3rx4MvvHvSUvToogpwoGDOUQ+yDrR0HRot+yOCdCO7u4hX3pWft6kWBBcqh0UA==",
      "requires": {
        "brace-expansion": "1.1.11"
      }
    },
    "minimist": {
      "version": "0.0.8",
      "resolved": "https://registry.npmjs.org/minimist/-/minimist-0.0.8.tgz",
      "integrity": "sha1-hX/Kv8M5fSYluCKCYuhqp6ARsF0="
    },
    "mkdirp": {
      "version": "0.3.5",
      "resolved": "https://registry.npmjs.org/mkdirp/-/mkdirp-0.3.5.tgz",
      "integrity": "sha1-3j5fiWHIjHh+4TaN+EmsRBPsqNc="
    },
    "monocle": {
      "version": "1.1.51",
      "resolved": "https://registry.npmjs.org/monocle/-/monocle-1.1.51.tgz",
      "integrity": "sha1-Iu0W4RLpsFZ2nFzKySDjdSSdicA=",
      "requires": {
        "readdirp": "0.2.5"
      }
    },
    "morgan": {
      "version": "1.0.1",
      "resolved": "https://registry.npmjs.org/morgan/-/morgan-1.0.1.tgz",
      "integrity": "sha1-glCl1xHeYlRTAilFNE1NZ2JjDGQ=",
      "requires": {
        "bytes": "0.3.0"
      },
      "dependencies": {
        "bytes": {
          "version": "0.3.0",
          "resolved": "https://registry.npmjs.org/bytes/-/bytes-0.3.0.tgz",
          "integrity": "sha1-eOLg4ox/nHuYjqiu4NtNX6mUGTU="
        }
      }
    },
    "multiparty": {
      "version": "2.2.0",
      "resolved": "https://registry.npmjs.org/multiparty/-/multiparty-2.2.0.tgz",
      "integrity": "sha1-pWfCrwAK0i3I8qZT2Rl4rh9TFvQ=",
      "requires": {
        "readable-stream": "1.1.14",
        "stream-counter": "0.2.0"
      }
    },
    "mute-stream": {
      "version": "0.0.7",
      "resolved": "https://registry.npmjs.org/mute-stream/-/mute-stream-0.0.7.tgz",
      "integrity": "sha1-MHXOk7whuPq0PhvE2n6BFe0ee6s="
    },
    "nconf": {
      "version": "0.6.9",
      "resolved": "https://registry.npmjs.org/nconf/-/nconf-0.6.9.tgz",
      "integrity": "sha1-lXDvFe1vmuays8jV5xtm0xk81mE=",
      "requires": {
        "async": "0.2.9",
        "ini": "1.3.5",
        "optimist": "0.6.0"
      },
      "dependencies": {
        "async": {
          "version": "0.2.9",
          "resolved": "https://registry.npmjs.org/async/-/async-0.2.9.tgz",
          "integrity": "sha1-32MGD789Myhqdqr21Vophtn/hhk="
        },
        "optimist": {
          "version": "0.6.0",
          "resolved": "https://registry.npmjs.org/optimist/-/optimist-0.6.0.tgz",
          "integrity": "sha1-aUJIJvNAX3nxQub8PZrljU27kgA=",
          "requires": {
            "minimist": "0.0.8",
            "wordwrap": "0.0.3"
          }
        }
      }
    },
    "ncp": {
      "version": "0.4.2",
      "resolved": "https://registry.npmjs.org/ncp/-/ncp-0.4.2.tgz",
      "integrity": "sha1-q8xsvT7C7Spyn/bnwfqPAXhKhXQ="
    },
    "negotiator": {
      "version": "0.4.3",
      "resolved": "https://registry.npmjs.org/negotiator/-/negotiator-0.4.3.tgz",
      "integrity": "sha1-nWtc9UlUfKBqOXGoH4DSXzz52wI="
    },
    "on-headers": {
      "version": "0.0.0",
      "resolved": "https://registry.npmjs.org/on-headers/-/on-headers-0.0.0.tgz",
      "integrity": "sha1-7igX+DRDJXhc2cLfKyQrvBfK9MQ="
    },
    "once": {
      "version": "1.4.0",
      "resolved": "https://registry.npmjs.org/once/-/once-1.4.0.tgz",
      "integrity": "sha1-WDsap3WWHUsROsF9nFC6753Xa9E=",
      "requires": {
        "wrappy": "1.0.2"
      }
    },
    "optimist": {
      "version": "0.3.7",
      "resolved": "https://registry.npmjs.org/optimist/-/optimist-0.3.7.tgz",
      "integrity": "sha1-yQlBrVnkJzMokjB00s8ufLxuwNk=",
      "requires": {
        "wordwrap": "0.0.3"
      }
    },
    "parseurl": {
      "version": "1.0.1",
      "resolved": "https://registry.npmjs.org/parseurl/-/parseurl-1.0.1.tgz",
      "integrity": "sha1-Llfc5u/dN8NRhwEDCUTCK/OIt7Q="
    },
    "path-is-absolute": {
      "version": "1.0.1",
      "resolved": "https://registry.npmjs.org/path-is-absolute/-/path-is-absolute-1.0.1.tgz",
      "integrity": "sha1-F0uSaHNVNP+8es5r9TpanhtcX18="
    },
    "pause": {
      "version": "0.0.1",
      "resolved": "https://registry.npmjs.org/pause/-/pause-0.0.1.tgz",
      "integrity": "sha1-HUCLP9t2kjuVQ9lvtMnf1TXZy10="
    },
    "pkginfo": {
      "version": "0.4.1",
      "resolved": "https://registry.npmjs.org/pkginfo/-/pkginfo-0.4.1.tgz",
      "integrity": "sha1-tUGO8EOd5UJfxJlQQtztFPsqhP8="
    },
    "pretty-hrtime": {
      "version": "0.2.2",
      "resolved": "https://registry.npmjs.org/pretty-hrtime/-/pretty-hrtime-0.2.2.tgz",
      "integrity": "sha1-1P2INR46R0H4Fzr31qS4RvmJXAA="
    },
    "promise": {
      "version": "2.0.0",
      "resolved": "https://registry.npmjs.org/promise/-/promise-2.0.0.tgz",
      "integrity": "sha1-RmSKqdYFr10ucMMCS/WUNtoCuA4=",
      "requires": {
        "is-promise": "1.0.1"
      }
    },
    "prompt": {
      "version": "0.2.14",
      "resolved": "https://registry.npmjs.org/prompt/-/prompt-0.2.14.tgz",
      "integrity": "sha1-V3VPZPVD/XsIRXB8gY7OYY8F/9w=",
      "requires": {
        "pkginfo": "0.4.1",
        "read": "1.0.7",
        "revalidator": "0.1.8",
        "utile": "0.2.1",
        "winston": "0.8.3"
      }
    },
    "proxy-addr": {
      "version": "1.0.0",
      "resolved": "https://registry.npmjs.org/proxy-addr/-/proxy-addr-1.0.0.tgz",
      "integrity": "sha1-R4YXqw+6cODD2unPV0aeNt0v668=",
      "requires": {
        "ipaddr.js": "0.1.2"
      }
    },
    "qs": {
      "version": "0.6.6",
      "resolved": "https://registry.npmjs.org/qs/-/qs-0.6.6.tgz",
      "integrity": "sha1-bgFQmP9RlouKPIGQAdXyyJvEsQc="
    },
    "range-parser": {
      "version": "1.0.0",
      "resolved": "https://registry.npmjs.org/range-parser/-/range-parser-1.0.0.tgz",
      "integrity": "sha1-pLJkz+C+XONqvjdlrJwqJIdG28A="
    },
    "raw-body": {
      "version": "1.1.4",
      "resolved": "https://registry.npmjs.org/raw-body/-/raw-body-1.1.4.tgz",
      "integrity": "sha1-8LViQ4jQMfY9oH+HDIbLnMrctn0=",
      "requires": {
        "bytes": "0.3.0"
      },
      "dependencies": {
        "bytes": {
          "version": "0.3.0",
          "resolved": "https://registry.npmjs.org/bytes/-/bytes-0.3.0.tgz",
          "integrity": "sha1-eOLg4ox/nHuYjqiu4NtNX6mUGTU="
        }
      }
    },
    "read": {
      "version": "1.0.7",
      "resolved": "https://registry.npmjs.org/read/-/read-1.0.7.tgz",
      "integrity": "sha1-s9oZvQUkMal2cdRKQmNK33ELQMQ=",
      "requires": {
        "mute-stream": "0.0.7"
      }
    },
    "readable-stream": {
      "version": "1.1.14",
      "resolved": "https://registry.npmjs.org/readable-stream/-/readable-stream-1.1.14.tgz",
      "integrity": "sha1-fPTFTvZI44EwhMY23SB54WbAgdk=",
      "requires": {
        "core-util-is": "1.0.2",
        "inherits": "2.0.3",
        "isarray": "0.0.1",
        "string_decoder": "0.10.31"
      }
    },
    "readdirp": {
      "version": "0.2.5",
      "resolved": "https://registry.npmjs.org/readdirp/-/readdirp-0.2.5.tgz",
      "integrity": "sha1-xMJ25Sl3riXbUZH+UdAIVQ8V2bs=",
      "requires": {
        "minimatch": "3.0.4"
      }
    },
    "redis": {
      "version": "0.8.6",
      "resolved": "https://registry.npmjs.org/redis/-/redis-0.8.6.tgz",
      "integrity": "sha1-p66PDW+tJL3q/+KBWNbNHxydMLg="
    },
    "response-time": {
      "version": "1.0.0",
      "resolved": "https://registry.npmjs.org/response-time/-/response-time-1.0.0.tgz",
      "integrity": "sha1-wryNCPPDWfl+rh1tqG7q0XX6vck="
    },
    "revalidator": {
      "version": "0.1.8",
      "resolved": "https://registry.npmjs.org/revalidator/-/revalidator-0.1.8.tgz",
      "integrity": "sha1-/s5hv6DBtSoga9axgZgYS91SOjs="
    },
    "rimraf": {
      "version": "2.6.2",
      "resolved": "https://registry.npmjs.org/rimraf/-/rimraf-2.6.2.tgz",
      "integrity": "sha512-lreewLK/BlghmxtfH36YYVg1i8IAce4TI7oao75I1g245+6BctqTVQiBP3YUJ9C6DQOXJmkYR9X9fCLtCOJc5w==",
      "requires": {
        "glob": "7.1.2"
      }
    },
    "scmp": {
      "version": "0.0.3",
      "resolved": "https://registry.npmjs.org/scmp/-/scmp-0.0.3.tgz",
      "integrity": "sha1-NkjfLXKUZB5/eGc//CloHZutkHM="
    },
    "send": {
      "version": "0.3.0",
      "resolved": "https://registry.npmjs.org/send/-/send-0.3.0.tgz",
      "integrity": "sha1-lxgyRjSAb8dbxPj15R9X2dZmBuc=",
      "requires": {
        "buffer-crc32": "0.2.1",
        "debug": "0.8.0",
        "fresh": "0.2.2",
        "mime": "1.2.11",
        "range-parser": "1.0.0"
      },
      "dependencies": {
        "debug": {
          "version": "0.8.0",
          "resolved": "https://registry.npmjs.org/debug/-/debug-0.8.0.tgz",
          "integrity": "sha1-BUHqkfDlA/3wxe7UGKMlUCNJZ/A="
        }
      }
    },
    "serve-favicon": {
      "version": "2.0.0",
      "resolved": "https://registry.npmjs.org/serve-favicon/-/serve-favicon-2.0.0.tgz",
      "integrity": "sha1-XYyCVpWRTheXTNG/TmCbbPfpkjs=",
      "requires": {
        "fresh": "0.2.2"
      }
    },
    "serve-index": {
      "version": "1.0.2",
      "resolved": "https://registry.npmjs.org/serve-index/-/serve-index-1.0.2.tgz",
      "integrity": "sha1-4EV71Ez58t1Mc2mvRGszDgI+4vE=",
      "requires": {
        "batch": "0.5.0",
        "negotiator": "0.4.3"
      }
    },
    "serve-static": {
      "version": "1.1.0",
      "resolved": "https://registry.npmjs.org/serve-static/-/serve-static-1.1.0.tgz",
      "integrity": "sha1-RU36Bbs93U5wGokVuDoniqkcVkM=",
      "requires": {
        "parseurl": "1.0.1",
        "send": "0.3.0"
      }
    },
    "shellwords": {
      "version": "0.1.1",
      "resolved": "https://registry.npmjs.org/shellwords/-/shellwords-0.1.1.tgz",
      "integrity": "sha512-vFwSUfQvqybiICwZY5+DAWIPLKsWO31Q91JSKl3UYv+K5c2QRPzn0qzec6QPu1Qc9eHYItiP3NdJqNVqetYAww=="
    },
    "source-map": {
      "version": "0.1.43",
      "resolved": "https://registry.npmjs.org/source-map/-/source-map-0.1.43.tgz",
      "integrity": "sha1-wkvBRspRfBRx9drL4lcbK3+eM0Y=",
      "requires": {
        "amdefine": "1.0.1"
      }
    },
    "ssh2": {
      "version": "0.2.25",
      "resolved": "https://registry.npmjs.org/ssh2/-/ssh2-0.2.25.tgz",
      "integrity": "sha1-LtNEqF4f/qTYOrLehSZehLgWkeU=",
      "requires": {
        "asn1": "0.1.11",
        "streamsearch": "0.1.2"
      }
    },
    "stack-trace": {
      "version": "0.0.10",
      "resolved": "https://registry.npmjs.org/stack-trace/-/stack-trace-0.0.10.tgz",
      "integrity": "sha1-VHxws0fo0ytOEI6hoqFZ5f3eGcA="
    },
    "stream-counter": {
      "version": "0.2.0",
      "resolved": "https://registry.npmjs.org/stream-counter/-/stream-counter-0.2.0.tgz",
      "integrity": "sha1-3tJmVWMZyLDiIoErnPOyb6fZR94=",
      "requires": {
        "readable-stream": "1.1.14"
      }
    },
    "streamsearch": {
      "version": "0.1.2",
      "resolved": "https://registry.npmjs.org/streamsearch/-/streamsearch-0.1.2.tgz",
      "integrity": "sha1-gIudDlb8Jz2Am6VzOOkpkZoanxo="
    },
    "string_decoder": {
      "version": "0.10.31",
      "resolved": "https://registry.npmjs.org/string_decoder/-/string_decoder-0.10.31.tgz",
      "integrity": "sha1-YuIDvEF2bGwoyfyEMB2rHFMQ+pQ="
    },
    "stylus": {
      "version": "0.32.1",
      "resolved": "https://registry.npmjs.org/stylus/-/stylus-0.32.1.tgz",
      "integrity": "sha1-PSgnW9nxgQhfjdD6UqhVlpaXghI=",
      "requires": {
        "cssom": "0.2.5",
        "debug": "0.8.1",
        "mkdirp": "0.3.5"
      }
    },
    "supervisor": {
      "version": "0.5.7",
      "resolved": "https://registry.npmjs.org/supervisor/-/supervisor-0.5.7.tgz",
      "integrity": "sha1-kDbBTH7hM0khQxZq6ms7a1qRSR0=",
      "dev": true
    },
    "transformers": {
      "version": "2.1.0",
      "resolved": "https://registry.npmjs.org/transformers/-/transformers-2.1.0.tgz",
      "integrity": "sha1-XSPLNVYd2F3Gf7hIIwm0fVPM6ac=",
      "requires": {
        "css": "1.0.8",
        "promise": "2.0.0",
        "uglify-js": "2.2.5"
      },
      "dependencies": {
        "uglify-js": {
          "version": "2.2.5",
          "resolved": "https://registry.npmjs.org/uglify-js/-/uglify-js-2.2.5.tgz",
          "integrity": "sha1-puAqcNg5eSuXgEiLe4sYTAlcmcc=",
          "requires": {
            "optimist": "0.3.7",
            "source-map": "0.1.43"
          }
        }
      }
    },
    "type-is": {
      "version": "1.2.0",
      "resolved": "https://registry.npmjs.org/type-is/-/type-is-1.2.0.tgz",
      "integrity": "sha1-qaqj8gFIUNSBNmP2xxTPYxgZUTg=",
      "requires": {
        "mime": "1.2.11"
      }
    },
    "uglify-js": {
      "version": "2.4.13",
      "resolved": "https://registry.npmjs.org/uglify-js/-/uglify-js-2.4.13.tgz",
      "integrity": "sha1-GN68nm7Pwg2xpeoDX4OdQ2pgWro=",
      "requires": {
        "async": "0.2.10",
        "optimist": "0.3.7",
        "source-map": "0.1.43",
        "uglify-to-browserify": "1.0.2"
      }
    },
    "uglify-to-browserify": {
      "version": "1.0.2",
      "resolved": "https://registry.npmjs.org/uglify-to-browserify/-/uglify-to-browserify-1.0.2.tgz",
      "integrity": "sha1-bgkk1r2mta/jSeOabWMoUKD4grc="
    },
    "uid2": {
      "version": "0.0.3",
      "resolved": "https://registry.npmjs.org/uid2/-/uid2-0.0.3.tgz",
      "integrity": "sha1-SDEm4Rd03y9xuLY53NeZw3YWK4I="
    },
    "underscore": {
      "version": "1.3.3",
      "resolved": "https://registry.npmjs.org/underscore/-/underscore-1.3.3.tgz",
      "integrity": "sha1-R6xTaD2vgyv6lS4XdEF9pHgXrkI="
    },
    "underscore.string": {
      "version": "2.3.3",
      "resolved": "https://registry.npmjs.org/underscore.string/-/underscore.string-2.3.3.tgz",
      "integrity": "sha1-ccCL9rQosRM/N+ePo6Icgvcymw0="
    },
    "utile": {
      "version": "0.2.1",
      "resolved": "https://registry.npmjs.org/utile/-/utile-0.2.1.tgz",
      "integrity": "sha1-kwyI6ZCY1iIINMNWy9mncFItkNc=",
      "requires": {
        "async": "0.2.10",
        "deep-equal": "1.0.1",
        "i": "0.3.6",
        "mkdirp": "0.3.5",
        "ncp": "0.4.2",
        "rimraf": "2.6.2"
      }
    },
    "utils-merge": {
      "version": "1.0.0",
      "resolved": "https://registry.npmjs.org/utils-merge/-/utils-merge-1.0.0.tgz",
      "integrity": "sha1-ApT7kiu5N1FTVBxPcJYjHyh8ivg="
    },
    "vhost": {
      "version": "1.0.0",
      "resolved": "https://registry.npmjs.org/vhost/-/vhost-1.0.0.tgz",
      "integrity": "sha1-ZUUT8omk+Jiqt0W71jPkAYDJxMA="
    },
    "winston": {
      "version": "0.8.3",
      "resolved": "https://registry.npmjs.org/winston/-/winston-0.8.3.tgz",
      "integrity": "sha1-ZLar9M0Brcrv1QCTk7HY6L7BnbA=",
      "requires": {
        "async": "0.2.10",
        "colors": "0.6.2",
        "cycle": "1.0.3",
        "eyes": "0.1.8",
        "isstream": "0.1.2",
        "pkginfo": "0.3.1",
        "stack-trace": "0.0.10"
      },
      "dependencies": {
        "pkginfo": {
          "version": "0.3.1",
          "resolved": "https://registry.npmjs.org/pkginfo/-/pkginfo-0.3.1.tgz",
          "integrity": "sha1-Wyn2qB9wcXFC4J52W76rl7T4HiE="
        }
      }
    },
    "with": {
      "version": "3.0.1",
      "resolved": "https://registry.npmjs.org/with/-/with-3.0.1.tgz",
      "integrity": "sha1-CDVNpBAkPPYXP7FCuwTmxm+W+FQ=",
      "requires": {
        "uglify-js": "2.4.13"
      }
    },
    "wordwrap": {
      "version": "0.0.3",
      "resolved": "https://registry.npmjs.org/wordwrap/-/wordwrap-0.0.3.tgz",
      "integrity": "sha1-o9XabNXAvAAI03I0u68b7WMFkQc="
    },
    "wrappy": {
      "version": "1.0.2",
      "resolved": "https://registry.npmjs.org/wrappy/-/wrappy-1.0.2.tgz",
      "integrity": "sha1-tSQ9jz7BqjXxNkYFvA0QNuMKtp8="
    }
  }
}
